// !$*UTF8*$!
{
	archiveVersion = 1;
	classes = {
	};
	objectVersion = 48;
	objects = {

/* Begin PBXBuildFile section */
		E32B77F11FDFC1A50095BE8C /* AppDelegate.swift in Sources */ = {isa = PBXBuildFile; fileRef = E32B77F01FDFC1A50095BE8C /* AppDelegate.swift */; };
		E32B77F31FDFC1A50095BE8C /* ViewController.swift in Sources */ = {isa = PBXBuildFile; fileRef = E32B77F21FDFC1A50095BE8C /* ViewController.swift */; };
		E32B77F61FDFC1A50095BE8C /* Main.storyboard in Resources */ = {isa = PBXBuildFile; fileRef = E32B77F41FDFC1A50095BE8C /* Main.storyboard */; };
		E32B77F81FDFC1A50095BE8C /* Assets.xcassets in Resources */ = {isa = PBXBuildFile; fileRef = E32B77F71FDFC1A50095BE8C /* Assets.xcassets */; };
		E32B77FB1FDFC1A50095BE8C /* LaunchScreen.storyboard in Resources */ = {isa = PBXBuildFile; fileRef = E32B77F91FDFC1A50095BE8C /* LaunchScreen.storyboard */; };
		E367165F21B5249F00815F17 /* Alamofire.framework in Frameworks */ = {isa = PBXBuildFile; fileRef = E367165E21B5249F00815F17 /* Alamofire.framework */; };
		E367166121B5249F00815F17 /* Chrysan.framework in Frameworks */ = {isa = PBXBuildFile; fileRef = E367166021B5249F00815F17 /* Chrysan.framework */; };
		E367166321B5249F00815F17 /* Moya.framework in Frameworks */ = {isa = PBXBuildFile; fileRef = E367166221B5249F00815F17 /* Moya.framework */; };
		E367166521B5249F00815F17 /* ObjectMapper.framework in Frameworks */ = {isa = PBXBuildFile; fileRef = E367166421B5249F00815F17 /* ObjectMapper.framework */; };
		E367166721B5249F00815F17 /* Pods_仿京东地址选择.framework in Frameworks */ = {isa = PBXBuildFile; fileRef = E367166621B5249F00815F17 /* Pods_仿京东地址选择.framework */; };
		E367166921B5249F00815F17 /* Result.framework in Frameworks */ = {isa = PBXBuildFile; fileRef = E367166821B5249F00815F17 /* Result.framework */; };
		E369D1FA21CD172C00420469 /* AddressVC.swift in Sources */ = {isa = PBXBuildFile; fileRef = E369D1F921CD172C00420469 /* AddressVC.swift */; };
		E369D20121CD1F3800420469 /* NetworkTools.swift in Sources */ = {isa = PBXBuildFile; fileRef = E369D1FC21CD1F3800420469 /* NetworkTools.swift */; };
		E369D20221CD1F3800420469 /* ProvinceModel.swift in Sources */ = {isa = PBXBuildFile; fileRef = E369D1FD21CD1F3800420469 /* ProvinceModel.swift */; };
		E369D20321CD1F3800420469 /* AddressCell.swift in Sources */ = {isa = PBXBuildFile; fileRef = E369D1FE21CD1F3800420469 /* AddressCell.swift */; };
		E369D20421CD1F3800420469 /* ZHFAddTitleAddressView.swift in Sources */ = {isa = PBXBuildFile; fileRef = E369D1FF21CD1F3800420469 /* ZHFAddTitleAddressView.swift */; };
		E369D20521CD1F3800420469 /* location.txt in Resources */ = {isa = PBXBuildFile; fileRef = E369D20021CD1F3800420469 /* location.txt */; };
/* End PBXBuildFile section */

/* Begin PBXFileReference section */
		0754795859068F12B740F73D /* Pods-仿京东地址选择.release.xcconfig */ = {isa = PBXFileReference; includeInIndex = 1; lastKnownFileType = text.xcconfig; name = "Pods-仿京东地址选择.release.xcconfig"; path = "Pods/Target Support Files/Pods-仿京东地址选择/Pods-仿京东地址选择.release.xcconfig"; sourceTree = "<group>"; };
		BDE2BDC43B73773BBF7D95FA /* Pods-仿京东地址选择.debug.xcconfig */ = {isa = PBXFileReference; includeInIndex = 1; lastKnownFileType = text.xcconfig; name = "Pods-仿京东地址选择.debug.xcconfig"; path = "Pods/Target Support Files/Pods-仿京东地址选择/Pods-仿京东地址选择.debug.xcconfig"; sourceTree = "<group>"; };
		E32B77ED1FDFC1A50095BE8C /* 仿京东地址选择.app */ = {isa = PBXFileReference; explicitFileType = wrapper.application; includeInIndex = 0; path = "仿京东地址选择.app"; sourceTree = BUILT_PRODUCTS_DIR; };
		E32B77F01FDFC1A50095BE8C /* AppDelegate.swift */ = {isa = PBXFileReference; lastKnownFileType = sourcecode.swift; path = AppDelegate.swift; sourceTree = "<group>"; };
		E32B77F21FDFC1A50095BE8C /* ViewController.swift */ = {isa = PBXFileReference; lastKnownFileType = sourcecode.swift; path = ViewController.swift; sourceTree = "<group>"; };
		E32B77F51FDFC1A50095BE8C /* Base */ = {isa = PBXFileReference; lastKnownFileType = file.storyboard; name = Base; path = Base.lproj/Main.storyboard; sourceTree = "<group>"; };
		E32B77F71FDFC1A50095BE8C /* Assets.xcassets */ = {isa = PBXFileReference; lastKnownFileType = folder.assetcatalog; path = Assets.xcassets; sourceTree = "<group>"; };
		E32B77FA1FDFC1A50095BE8C /* Base */ = {isa = PBXFileReference; lastKnownFileType = file.storyboard; name = Base; path = Base.lproj/LaunchScreen.storyboard; sourceTree = "<group>"; };
		E32B77FC1FDFC1A50095BE8C /* Info.plist */ = {isa = PBXFileReference; lastKnownFileType = text.plist.xml; path = Info.plist; sourceTree = "<group>"; };
		E367165E21B5249F00815F17 /* Alamofire.framework */ = {isa = PBXFileReference; explicitFileType = wrapper.framework; path = Alamofire.framework; sourceTree = BUILT_PRODUCTS_DIR; };
		E367166021B5249F00815F17 /* Chrysan.framework */ = {isa = PBXFileReference; explicitFileType = wrapper.framework; path = Chrysan.framework; sourceTree = BUILT_PRODUCTS_DIR; };
		E367166221B5249F00815F17 /* Moya.framework */ = {isa = PBXFileReference; explicitFileType = wrapper.framework; path = Moya.framework; sourceTree = BUILT_PRODUCTS_DIR; };
		E367166421B5249F00815F17 /* ObjectMapper.framework */ = {isa = PBXFileReference; explicitFileType = wrapper.framework; path = ObjectMapper.framework; sourceTree = BUILT_PRODUCTS_DIR; };
		E367166621B5249F00815F17 /* Pods_仿京东地址选择.framework */ = {isa = PBXFileReference; explicitFileType = wrapper.framework; path = "Pods_仿京东地址选择.framework"; sourceTree = BUILT_PRODUCTS_DIR; };
		E367166821B5249F00815F17 /* Result.framework */ = {isa = PBXFileReference; explicitFileType = wrapper.framework; path = Result.framework; sourceTree = BUILT_PRODUCTS_DIR; };
		E369D1F921CD172C00420469 /* AddressVC.swift */ = {isa = PBXFileReference; lastKnownFileType = sourcecode.swift; path = AddressVC.swift; sourceTree = "<group>"; };
		E369D1FC21CD1F3800420469 /* NetworkTools.swift */ = {isa = PBXFileReference; fileEncoding = 4; lastKnownFileType = sourcecode.swift; path = NetworkTools.swift; sourceTree = "<group>"; };
		E369D1FD21CD1F3800420469 /* ProvinceModel.swift */ = {isa = PBXFileReference; fileEncoding = 4; lastKnownFileType = sourcecode.swift; path = ProvinceModel.swift; sourceTree = "<group>"; };
		E369D1FE21CD1F3800420469 /* AddressCell.swift */ = {isa = PBXFileReference; fileEncoding = 4; lastKnownFileType = sourcecode.swift; path = AddressCell.swift; sourceTree = "<group>"; };
		E369D1FF21CD1F3800420469 /* ZHFAddTitleAddressView.swift */ = {isa = PBXFileReference; fileEncoding = 4; lastKnownFileType = sourcecode.swift; path = ZHFAddTitleAddressView.swift; sourceTree = "<group>"; };
		E369D20021CD1F3800420469 /* location.txt */ = {isa = PBXFileReference; fileEncoding = 4; lastKnownFileType = text; path = location.txt; sourceTree = "<group>"; };
/* End PBXFileReference section */

/* Begin PBXFrameworksBuildPhase section */
		E32B77EA1FDFC1A50095BE8C /* Frameworks */ = {
			isa = PBXFrameworksBuildPhase;
			buildActionMask = 2147483647;
			files = (
				E367165F21B5249F00815F17 /* Alamofire.framework in Frameworks */,
				E367166121B5249F00815F17 /* Chrysan.framework in Frameworks */,
				E367166321B5249F00815F17 /* Moya.framework in Frameworks */,
				E367166521B5249F00815F17 /* ObjectMapper.framework in Frameworks */,
				E367166721B5249F00815F17 /* Pods_仿京东地址选择.framework in Frameworks */,
				E367166921B5249F00815F17 /* Result.framework in Frameworks */,
			);
			runOnlyForDeploymentPostprocessing = 0;
		};
/* End PBXFrameworksBuildPhase section */

/* Begin PBXGroup section */
		1F46B3CDFB96323D62A0476A /* Frameworks */ = {
			isa = PBXGroup;
			children = (
				E367165E21B5249F00815F17 /* Alamofire.framework */,
				E367166021B5249F00815F17 /* Chrysan.framework */,
				E367166221B5249F00815F17 /* Moya.framework */,
				E367166421B5249F00815F17 /* ObjectMapper.framework */,
				E367166621B5249F00815F17 /* Pods_仿京东地址选择.framework */,
				E367166821B5249F00815F17 /* Result.framework */,
			);
			name = Frameworks;
			sourceTree = "<group>";
		};
		DF2F763D1B882DD95FF6B832 /* Pods */ = {
			isa = PBXGroup;
			children = (
				BDE2BDC43B73773BBF7D95FA /* Pods-仿京东地址选择.debug.xcconfig */,
				0754795859068F12B740F73D /* Pods-仿京东地址选择.release.xcconfig */,
			);
			name = Pods;
			sourceTree = "<group>";
		};
		E32B77E41FDFC1A50095BE8C = {
			isa = PBXGroup;
			children = (
				E32B77EF1FDFC1A50095BE8C /* 仿京东地址选择 */,
				E32B77EE1FDFC1A50095BE8C /* Products */,
				DF2F763D1B882DD95FF6B832 /* Pods */,
				1F46B3CDFB96323D62A0476A /* Frameworks */,
			);
			sourceTree = "<group>";
		};
		E32B77EE1FDFC1A50095BE8C /* Products */ = {
			isa = PBXGroup;
			children = (
				E32B77ED1FDFC1A50095BE8C /* 仿京东地址选择.app */,
			);
			name = Products;
			sourceTree = "<group>";
		};
		E32B77EF1FDFC1A50095BE8C /* 仿京东地址选择 */ = {
			isa = PBXGroup;
			children = (
				E369D1FB21CD1F3800420469 /* ZHFAddress */,
				E32B77F01FDFC1A50095BE8C /* AppDelegate.swift */,
				E32B77F21FDFC1A50095BE8C /* ViewController.swift */,
				E369D1F921CD172C00420469 /* AddressVC.swift */,
				E32B77F41FDFC1A50095BE8C /* Main.storyboard */,
				E32B77F71FDFC1A50095BE8C /* Assets.xcassets */,
				E32B77F91FDFC1A50095BE8C /* LaunchScreen.storyboard */,
				E32B77FC1FDFC1A50095BE8C /* Info.plist */,
			);
			path = "仿京东地址选择";
			sourceTree = "<group>";
		};
		E369D1FB21CD1F3800420469 /* ZHFAddress */ = {
			isa = PBXGroup;
			children = (
				E369D1FC21CD1F3800420469 /* NetworkTools.swift */,
				E369D1FD21CD1F3800420469 /* ProvinceModel.swift */,
				E369D1FE21CD1F3800420469 /* AddressCell.swift */,
				E369D1FF21CD1F3800420469 /* ZHFAddTitleAddressView.swift */,
				E369D20021CD1F3800420469 /* location.txt */,
			);
			path = ZHFAddress;
			sourceTree = "<group>";
		};
/* End PBXGroup section */

/* Begin PBXNativeTarget section */
		E32B77EC1FDFC1A50095BE8C /* 仿京东地址选择 */ = {
			isa = PBXNativeTarget;
			buildConfigurationList = E32B77FF1FDFC1A50095BE8C /* Build configuration list for PBXNativeTarget "仿京东地址选择" */;
			buildPhases = (
				467996C8C2908224255486C2 /* [CP] Check Pods Manifest.lock */,
				E32B77E91FDFC1A50095BE8C /* Sources */,
				E32B77EA1FDFC1A50095BE8C /* Frameworks */,
				E32B77EB1FDFC1A50095BE8C /* Resources */,
				5E2094BE144721E9BA4EA26B /* [CP] Embed Pods Frameworks */,
			);
			buildRules = (
			);
			dependencies = (
			);
			name = "仿京东地址选择";
			productName = "仿京东地址选择";
			productReference = E32B77ED1FDFC1A50095BE8C /* 仿京东地址选择.app */;
			productType = "com.apple.product-type.application";
		};
/* End PBXNativeTarget section */

/* Begin PBXProject section */
		E32B77E51FDFC1A50095BE8C /* Project object */ = {
			isa = PBXProject;
			attributes = {
				LastSwiftUpdateCheck = 0920;
				LastUpgradeCheck = 0920;
				ORGANIZATIONNAME = "张海峰";
				TargetAttributes = {
					E32B77EC1FDFC1A50095BE8C = {
						CreatedOnToolsVersion = 9.2;
						ProvisioningStyle = Automatic;
					};
				};
			};
			buildConfigurationList = E32B77E81FDFC1A50095BE8C /* Build configuration list for PBXProject "仿京东地址选择" */;
			compatibilityVersion = "Xcode 8.0";
			developmentRegion = en;
			hasScannedForEncodings = 0;
			knownRegions = (
				en,
				Base,
			);
			mainGroup = E32B77E41FDFC1A50095BE8C;
			productRefGroup = E32B77EE1FDFC1A50095BE8C /* Products */;
			projectDirPath = "";
			projectRoot = "";
			targets = (
				E32B77EC1FDFC1A50095BE8C /* 仿京东地址选择 */,
			);
		};
/* End PBXProject section */

/* Begin PBXResourcesBuildPhase section */
		E32B77EB1FDFC1A50095BE8C /* Resources */ = {
			isa = PBXResourcesBuildPhase;
			buildActionMask = 2147483647;
			files = (
				E369D20521CD1F3800420469 /* location.txt in Resources */,
				E32B77FB1FDFC1A50095BE8C /* LaunchScreen.storyboard in Resources */,
				E32B77F81FDFC1A50095BE8C /* Assets.xcassets in Resources */,
				E32B77F61FDFC1A50095BE8C /* Main.storyboard in Resources */,
			);
			runOnlyForDeploymentPostprocessing = 0;
		};
/* End PBXResourcesBuildPhase section */

/* Begin PBXShellScriptBuildPhase section */
		467996C8C2908224255486C2 /* [CP] Check Pods Manifest.lock */ = {
			isa = PBXShellScriptBuildPhase;
			buildActionMask = 2147483647;
			files = (
			);
			inputPaths = (
				"${PODS_PODFILE_DIR_PATH}/Podfile.lock",
				"${PODS_ROOT}/Manifest.lock",
			);
			name = "[CP] Check Pods Manifest.lock";
			outputPaths = (
				"$(DERIVED_FILE_DIR)/Pods-仿京东地址选择-checkManifestLockResult.txt",
			);
			runOnlyForDeploymentPostprocessing = 0;
			shellPath = /bin/sh;
			shellScript = "diff \"${PODS_PODFILE_DIR_PATH}/Podfile.lock\" \"${PODS_ROOT}/Manifest.lock\" > /dev/null\nif [ $? != 0 ] ; then\n    # print error to STDERR\n    echo \"error: The sandbox is not in sync with the Podfile.lock. Run 'pod install' or update your CocoaPods installation.\" >&2\n    exit 1\nfi\n# This output is used by Xcode 'outputs' to avoid re-running this script phase.\necho \"SUCCESS\" > \"${SCRIPT_OUTPUT_FILE_0}\"\n";
			showEnvVarsInLog = 0;
		};
		5E2094BE144721E9BA4EA26B /* [CP] Embed Pods Frameworks */ = {
			isa = PBXShellScriptBuildPhase;
			buildActionMask = 2147483647;
			files = (
			);
			inputPaths = (
				"${SRCROOT}/Pods/Target Support Files/Pods-仿京东地址选择/Pods-仿京东地址选择-frameworks.sh",
				"${BUILT_PRODUCTS_DIR}/Alamofire/Alamofire.framework",
				"${BUILT_PRODUCTS_DIR}/Chrysan/Chrysan.framework",
				"${BUILT_PRODUCTS_DIR}/Moya/Moya.framework",
				"${BUILT_PRODUCTS_DIR}/ObjectMapper/ObjectMapper.framework",
				"${BUILT_PRODUCTS_DIR}/Result/Result.framework",
			);
			name = "[CP] Embed Pods Frameworks";
			outputPaths = (
				"${TARGET_BUILD_DIR}/${FRAMEWORKS_FOLDER_PATH}/Alamofire.framework",
				"${TARGET_BUILD_DIR}/${FRAMEWORKS_FOLDER_PATH}/Chrysan.framework",
				"${TARGET_BUILD_DIR}/${FRAMEWORKS_FOLDER_PATH}/Moya.framework",
				"${TARGET_BUILD_DIR}/${FRAMEWORKS_FOLDER_PATH}/ObjectMapper.framework",
				"${TARGET_BUILD_DIR}/${FRAMEWORKS_FOLDER_PATH}/Result.framework",
			);
			runOnlyForDeploymentPostprocessing = 0;
			shellPath = /bin/sh;
			shellScript = "\"${SRCROOT}/Pods/Target Support Files/Pods-仿京东地址选择/Pods-仿京东地址选择-frameworks.sh\"\n";
			showEnvVarsInLog = 0;
		};
/* End PBXShellScriptBuildPhase section */

/* Begin PBXSourcesBuildPhase section */
		E32B77E91FDFC1A50095BE8C /* Sources */ = {
			isa = PBXSourcesBuildPhase;
			buildActionMask = 2147483647;
			files = (
				E369D20121CD1F3800420469 /* NetworkTools.swift in Sources */,
				E369D20221CD1F3800420469 /* ProvinceModel.swift in Sources */,
				E369D1FA21CD172C00420469 /* AddressVC.swift in Sources */,
				E369D20321CD1F3800420469 /* AddressCell.swift in Sources */,
				E32B77F31FDFC1A50095BE8C /* ViewController.swift in Sources */,
				E32B77F11FDFC1A50095BE8C /* AppDelegate.swift in Sources */,
				E369D20421CD1F3800420469 /* ZHFAddTitleAddressView.swift in Sources */,
			);
			runOnlyForDeploymentPostprocessing = 0;
		};
/* End PBXSourcesBuildPhase section */

/* Begin PBXVariantGroup section */
		E32B77F41FDFC1A50095BE8C /* Main.storyboard */ = {
			isa = PBXVariantGroup;
			children = (
				E32B77F51FDFC1A50095BE8C /* Base */,
			);
			name = Main.storyboard;
			sourceTree = "<group>";
		};
		E32B77F91FDFC1A50095BE8C /* LaunchScreen.storyboard */ = {
			isa = PBXVariantGroup;
			children = (
				E32B77FA1FDFC1A50095BE8C /* Base */,
			);
			name = LaunchScreen.storyboard;
			sourceTree = "<group>";
		};
/* End PBXVariantGroup section */

/* Begin XCBuildConfiguration section */
		E32B77FD1FDFC1A50095BE8C /* Debug */ = {
			isa = XCBuildConfiguration;
			buildSettings = {
				ALWAYS_SEARCH_USER_PATHS = NO;
				CLANG_ANALYZER_NONNULL = YES;
				CLANG_ANALYZER_NUMBER_OBJECT_CONVERSION = YES_AGGRESSIVE;
				CLANG_CXX_LANGUAGE_STANDARD = "gnu++14";
				CLANG_CXX_LIBRARY = "libc++";
				CLANG_ENABLE_MODULES = YES;
				CLANG_ENABLE_OBJC_ARC = YES;
				CLANG_WARN_BLOCK_CAPTURE_AUTORELEASING = YES;
				CLANG_WARN_BOOL_CONVERSION = YES;
				CLANG_WARN_COMMA = YES;
				CLANG_WARN_CONSTANT_CONVERSION = YES;
				CLANG_WARN_DIRECT_OBJC_ISA_USAGE = YES_ERROR;
				CLANG_WARN_DOCUMENTATION_COMMENTS = YES;
				CLANG_WARN_EMPTY_BODY = YES;
				CLANG_WARN_ENUM_CONVERSION = YES;
				CLANG_WARN_INFINITE_RECURSION = YES;
				CLANG_WARN_INT_CONVERSION = YES;
				CLANG_WARN_NON_LITERAL_NULL_CONVERSION = YES;
				CLANG_WARN_OBJC_LITERAL_CONVERSION = YES;
				CLANG_WARN_OBJC_ROOT_CLASS = YES_ERROR;
				CLANG_WARN_RANGE_LOOP_ANALYSIS = YES;
				CLANG_WARN_STRICT_PROTOTYPES = YES;
				CLANG_WARN_SUSPICIOUS_MOVE = YES;
				CLANG_WARN_UNGUARDED_AVAILABILITY = YES_AGGRESSIVE;
				CLANG_WARN_UNREACHABLE_CODE = YES;
				CLANG_WARN__DUPLICATE_METHOD_MATCH = YES;
				CODE_SIGN_IDENTITY = "iPhone Developer";
				COPY_PHASE_STRIP = NO;
				DEBUG_INFORMATION_FORMAT = dwarf;
				ENABLE_STRICT_OBJC_MSGSEND = YES;
				ENABLE_TESTABILITY = YES;
				GCC_C_LANGUAGE_STANDARD = gnu11;
				GCC_DYNAMIC_NO_PIC = NO;
				GCC_NO_COMMON_BLOCKS = YES;
				GCC_OPTIMIZATION_LEVEL = 0;
				GCC_PREPROCESSOR_DEFINITIONS = (
					"DEBUG=1",
					"$(inherited)",
				);
				GCC_WARN_64_TO_32_BIT_CONVERSION = YES;
				GCC_WARN_ABOUT_RETURN_TYPE = YES_ERROR;
				GCC_WARN_UNDECLARED_SELECTOR = YES;
				GCC_WARN_UNINITIALIZED_AUTOS = YES_AGGRESSIVE;
				GCC_WARN_UNUSED_FUNCTION = YES;
				GCC_WARN_UNUSED_VARIABLE = YES;
				IPHONEOS_DEPLOYMENT_TARGET = 11.2;
				MTL_ENABLE_DEBUG_INFO = YES;
				ONLY_ACTIVE_ARCH = YES;
				SDKROOT = iphoneos;
				SWIFT_ACTIVE_COMPILATION_CONDITIONS = DEBUG;
				SWIFT_OPTIMIZATION_LEVEL = "-Onone";
			};
			name = Debug;
		};
		E32B77FE1FDFC1A50095BE8C /* Release */ = {
			isa = XCBuildConfiguration;
			buildSettings = {
				ALWAYS_SEARCH_USER_PATHS = NO;
				CLANG_ANALYZER_NONNULL = YES;
				CLANG_ANALYZER_NUMBER_OBJECT_CONVERSION = YES_AGGRESSIVE;
				CLANG_CXX_LANGUAGE_STANDARD = "gnu++14";
				CLANG_CXX_LIBRARY = "libc++";
				CLANG_ENABLE_MODULES = YES;
				CLANG_ENABLE_OBJC_ARC = YES;
				CLANG_WARN_BLOCK_CAPTURE_AUTORELEASING = YES;
				CLANG_WARN_BOOL_CONVERSION = YES;
				CLANG_WARN_COMMA = YES;
				CLANG_WARN_CONSTANT_CONVERSION = YES;
				CLANG_WARN_DIRECT_OBJC_ISA_USAGE = YES_ERROR;
				CLANG_WARN_DOCUMENTATION_COMMENTS = YES;
				CLANG_WARN_EMPTY_BODY = YES;
				CLANG_WARN_ENUM_CONVERSION = YES;
				CLANG_WARN_INFINITE_RECURSION = YES;
				CLANG_WARN_INT_CONVERSION = YES;
				CLANG_WARN_NON_LITERAL_NULL_CONVERSION = YES;
				CLANG_WARN_OBJC_LITERAL_CONVERSION = YES;
				CLANG_WARN_OBJC_ROOT_CLASS = YES_ERROR;
				CLANG_WARN_RANGE_LOOP_ANALYSIS = YES;
				CLANG_WARN_STRICT_PROTOTYPES = YES;
				CLANG_WARN_SUSPICIOUS_MOVE = YES;
				CLANG_WARN_UNGUARDED_AVAILABILITY = YES_AGGRESSIVE;
				CLANG_WARN_UNREACHABLE_CODE = YES;
				CLANG_WARN__DUPLICATE_METHOD_MATCH = YES;
				CODE_SIGN_IDENTITY = "iPhone Developer";
				COPY_PHASE_STRIP = NO;
				DEBUG_INFORMATION_FORMAT = "dwarf-with-dsym";
				ENABLE_NS_ASSERTIONS = NO;
				ENABLE_STRICT_OBJC_MSGSEND = YES;
				GCC_C_LANGUAGE_STANDARD = gnu11;
				GCC_NO_COMMON_BLOCKS = YES;
				GCC_WARN_64_TO_32_BIT_CONVERSION = YES;
				GCC_WARN_ABOUT_RETURN_TYPE = YES_ERROR;
				GCC_WARN_UNDECLARED_SELECTOR = YES;
				GCC_WARN_UNINITIALIZED_AUTOS = YES_AGGRESSIVE;
				GCC_WARN_UNUSED_FUNCTION = YES;
				GCC_WARN_UNUSED_VARIABLE = YES;
				IPHONEOS_DEPLOYMENT_TARGET = 11.2;
				MTL_ENABLE_DEBUG_INFO = NO;
				SDKROOT = iphoneos;
				SWIFT_OPTIMIZATION_LEVEL = "-Owholemodule";
				VALIDATE_PRODUCT = YES;
			};
			name = Release;
		};
		E32B78001FDFC1A50095BE8C /* Debug */ = {
			isa = XCBuildConfiguration;
			baseConfigurationReference = BDE2BDC43B73773BBF7D95FA /* Pods-仿京东地址选择.debug.xcconfig */;
			buildSettings = {
				ASSETCATALOG_COMPILER_APPICON_NAME = AppIcon;
				CODE_SIGN_STYLE = Automatic;
				DEVELOPMENT_TEAM = 8CB6874GM5;
				FRAMEWORK_SEARCH_PATHS = (
					"$(inherited)",
					"$(PROJECT_DIR)",
				);
				INFOPLIST_FILE = "仿京东地址选择/Info.plist";
				IPHONEOS_DEPLOYMENT_TARGET = 9.0;
				LD_RUNPATH_SEARCH_PATHS = "$(inherited) @executable_path/Frameworks";
				PRODUCT_BUNDLE_IDENTIFIER = Lighting.comm;
				PRODUCT_NAME = "$(TARGET_NAME)";
				SWIFT_VERSION = 5.0;
				TARGETED_DEVICE_FAMILY = 1;
			};
			name = Debug;
		};
		E32B78011FDFC1A50095BE8C /* Release */ = {
			isa = XCBuildConfiguration;
			baseConfigurationReference = 0754795859068F12B740F73D /* Pods-仿京东地址选择.release.xcconfig */;
			buildSettings = {
				ASSETCATALOG_COMPILER_APPICON_NAME = AppIcon;
				CODE_SIGN_STYLE = Automatic;
				DEVELOPMENT_TEAM = 8CB6874GM5;
				FRAMEWORK_SEARCH_PATHS = (
					"$(inherited)",
					"$(PROJECT_DIR)",
				);
				INFOPLIST_FILE = "仿京东地址选择/Info.plist";
				IPHONEOS_DEPLOYMENT_TARGET = 9.0;
				LD_RUNPATH_SEARCH_PATHS = "$(inherited) @executable_path/Frameworks";
				PRODUCT_BUNDLE_IDENTIFIER = Lighting.comm;
				PRODUCT_NAME = "$(TARGET_NAME)";
				SWIFT_VERSION = 5.0;
				TARGETED_DEVICE_FAMILY = 1;
			};
			name = Release;
		};
/* End XCBuildConfiguration section */

/* Begin XCConfigurationList section */
		E32B77E81FDFC1A50095BE8C /* Build configuration list for PBXProject "仿京东地址选择" */ = {
			isa = XCConfigurationList;
			buildConfigurations = (
				E32B77FD1FDFC1A50095BE8C /* Debug */,
				E32B77FE1FDFC1A50095BE8C /* Release */,
			);
			defaultConfigurationIsVisible = 0;
			defaultConfigurationName = Release;
		};
		E32B77FF1FDFC1A50095BE8C /* Build configuration list for PBXNativeTarget "仿京东地址选择" */ = {
			isa = XCConfigurationList;
			buildConfigurations = (
				E32B78001FDFC1A50095BE8C /* Debug */,
				E32B78011FDFC1A50095BE8C /* Release */,
			);
			defaultConfigurationIsVisible = 0;
			defaultConfigurationName = Release;
		};
/* End XCConfigurationList section */
	};
	rootObject = E32B77E51FDFC1A50095BE8C /* Project object */;
}
